PODS:
  - GoogleMaps (3.10.0):
    - GoogleMaps/Maps (= 3.10.0)
  - GoogleMaps/Base (3.10.0)
  - GoogleMaps/Maps (3.10.0):
    - GoogleMaps/Base
  - Realm (5.4.7):
    - Realm/Headers (= 5.4.7)
  - Realm/Headers (5.4.7)
  - RealmSwift (5.4.7):
    - Realm (= 5.4.7)

DEPENDENCIES:
  - GoogleMaps
  - RealmSwift

SPEC REPOS:
  trunk:
    - GoogleMaps
    - Realm
    - RealmSwift

SPEC CHECKSUMS:
  GoogleMaps: 8c080862ff2748ece9929471b30feb56a6c5079d
  Realm: 4bfc08e376b2e30c84ec3200ebe715574da05cc0
  RealmSwift: ed40f371b62e8677141939e05b44a0c1a0a2d965

PODFILE CHECKSUM: da6310156af79d8645eebfb2cc2c9688213418d3

COCOAPODS: 1.8.4
